
Microsoft Visual Studio Solution File, Format Version 12.00
# Visual Studio Version 17
VisualStudioVersion = 17.2.32526.322
MinimumVisualStudioVersion = 10.0.40219.1
Project("{FAE04EC0-301F-11D3-BF4B-00C04F79EFBC}") = "CodeAsm2DDD", "CodeAsm2DDD\CodeAsm2DDD.csproj", "{DA797938-ADFF-4D05-B991-F78F6581CFDC}"
EndProject
Global
	GlobalSection(SolutionConfigurationPlatforms) = preSolution
		Debug|Any CPU = Debug|Any CPU
		Release|Any CPU = Release|Any CPU
	EndGlobalSection
	GlobalSection(ProjectConfigurationPlatforms) = postSolution
		{DA797938-ADFF-4D05-B991-F78F6581CFDC}.Debug|Any CPU.ActiveCfg = Debug|Any CPU
		{DA797938-ADFF-4D05-B991-F78F6581CFDC}.Debug|Any CPU.Build.0 = Debug|Any CPU
		{DA797938-ADFF-4D05-B991-F78F6581CFDC}.Release|Any CPU.ActiveCfg = Release|Any CPU
		{DA797938-ADFF-4D05-B991-F78F6581CFDC}.Release|Any CPU.Build.0 = Release|Any CPU
	EndGlobalSection
	GlobalSection(SolutionProperties) = preSolution
		HideSolutionNode = FALSE
	EndGlobalSection
	GlobalSection(ExtensibilityGlobals) = postSolution
		SolutionGuid = {D3DE4993-D609-462D-ABC2-5061807C7F14}
	EndGlobalSection
EndGlobal
